// !$*UTF8*$!
{
	archiveVersion = 1;
	classes = {
	};
	objectVersion = 48;
	objects = {

/* Begin PBXBuildFile section */
		871A887D2074A73200E9551A /* AppDelegate.m in Sources */ = {isa = PBXBuildFile; fileRef = 871A887C2074A73200E9551A /* AppDelegate.m */; };
		871A88802074A73200E9551A /* ViewController.m in Sources */ = {isa = PBXBuildFile; fileRef = 871A887F2074A73200E9551A /* ViewController.m */; };
		871A88832074A73200E9551A /* Main.storyboard in Resources */ = {isa = PBXBuildFile; fileRef = 871A88812074A73200E9551A /* Main.storyboard */; };
		871A88852074A73200E9551A /* Assets.xcassets in Resources */ = {isa = PBXBuildFile; fileRef = 871A88842074A73200E9551A /* Assets.xcassets */; };
		871A88882074A73200E9551A /* LaunchScreen.storyboard in Resources */ = {isa = PBXBuildFile; fileRef = 871A88862074A73200E9551A /* LaunchScreen.storyboard */; };
		871A888B2074A73200E9551A /* main.m in Sources */ = {isa = PBXBuildFile; fileRef = 871A888A2074A73200E9551A /* main.m */; };
		871A88952074A73200E9551A /* RouterTests.m in Sources */ = {isa = PBXBuildFile; fileRef = 871A88942074A73200E9551A /* RouterTests.m */; };
		871A88A02074A73200E9551A /* RouterUITests.m in Sources */ = {isa = PBXBuildFile; fileRef = 871A889F2074A73200E9551A /* RouterUITests.m */; };
		871A88B12074A78C00E9551A /* CDPRouter.m in Sources */ = {isa = PBXBuildFile; fileRef = 871A88B02074A78C00E9551A /* CDPRouter.m */; };
		871A88B42074A84F00E9551A /* CDPPushRouter.m in Sources */ = {isa = PBXBuildFile; fileRef = 871A88B32074A84F00E9551A /* CDPPushRouter.m */; };
		871A88B72074A86200E9551A /* CDPActionRouter.m in Sources */ = {isa = PBXBuildFile; fileRef = 871A88B62074A86200E9551A /* CDPActionRouter.m */; };
		871A88BE2074AB9E00E9551A /* NSDictionary+CDPDic.m in Sources */ = {isa = PBXBuildFile; fileRef = 871A88BD2074AB9E00E9551A /* NSDictionary+CDPDic.m */; };
		871A88C12074ABBC00E9551A /* NSString+CDPStr.m in Sources */ = {isa = PBXBuildFile; fileRef = 871A88C02074ABBC00E9551A /* NSString+CDPStr.m */; };
		871A88C42074AD3D00E9551A /* NSArray+CDPArr.m in Sources */ = {isa = PBXBuildFile; fileRef = 871A88C32074AD3D00E9551A /* NSArray+CDPArr.m */; };
		871A88C72074B05500E9551A /* UIColor+CDPColor.m in Sources */ = {isa = PBXBuildFile; fileRef = 871A88C62074B05500E9551A /* UIColor+CDPColor.m */; };
		871A88CA2074B12B00E9551A /* UIViewController+CDPVC.m in Sources */ = {isa = PBXBuildFile; fileRef = 871A88C92074B12B00E9551A /* UIViewController+CDPVC.m */; };
		871A88D02074B52500E9551A /* UIView+CDPView.m in Sources */ = {isa = PBXBuildFile; fileRef = 871A88CF2074B52500E9551A /* UIView+CDPView.m */; };
		871A88D32074B6FC00E9551A /* UIImage+CDPImage.m in Sources */ = {isa = PBXBuildFile; fileRef = 871A88D22074B6FC00E9551A /* UIImage+CDPImage.m */; };
		871A88D62074B77700E9551A /* UIScrollView+CDPScrollView.m in Sources */ = {isa = PBXBuildFile; fileRef = 871A88D52074B77700E9551A /* UIScrollView+CDPScrollView.m */; };
		871A88D92074B79000E9551A /* UITableView+CDPTableView.m in Sources */ = {isa = PBXBuildFile; fileRef = 871A88D82074B79000E9551A /* UITableView+CDPTableView.m */; };
		871A88DC2074B7A400E9551A /* UICollectionView+CDPCollectionView.m in Sources */ = {isa = PBXBuildFile; fileRef = 871A88DB2074B7A400E9551A /* UICollectionView+CDPCollectionView.m */; };
		871A88E12074B89D00E9551A /* NSDate+CDPDate.m in Sources */ = {isa = PBXBuildFile; fileRef = 871A88E02074B89D00E9551A /* NSDate+CDPDate.m */; };
		871A88E32074B9AA00E9551A /* UINavigationController+APSafeTransition.m in Sources */ = {isa = PBXBuildFile; fileRef = 871A88E22074B9A900E9551A /* UINavigationController+APSafeTransition.m */; };
		871A88EB2074C6B400E9551A /* CDPRouterMap.plist in Resources */ = {isa = PBXBuildFile; fileRef = 871A88EA2074C6B400E9551A /* CDPRouterMap.plist */; };
		87586BBD207A001C009B8B98 /* OneTestViewController.m in Sources */ = {isa = PBXBuildFile; fileRef = 87586BBC207A001C009B8B98 /* OneTestViewController.m */; };
		87586BC0207A0036009B8B98 /* TwoTestViewController.m in Sources */ = {isa = PBXBuildFile; fileRef = 87586BBF207A0036009B8B98 /* TwoTestViewController.m */; };
/* End PBXBuildFile section */

/* Begin PBXContainerItemProxy section */
		871A88912074A73200E9551A /* PBXContainerItemProxy */ = {
			isa = PBXContainerItemProxy;
			containerPortal = 871A88702074A73100E9551A /* Project object */;
			proxyType = 1;
			remoteGlobalIDString = 871A88772074A73100E9551A;
			remoteInfo = Router;
		};
		871A889C2074A73200E9551A /* PBXContainerItemProxy */ = {
			isa = PBXContainerItemProxy;
			containerPortal = 871A88702074A73100E9551A /* Project object */;
			proxyType = 1;
			remoteGlobalIDString = 871A88772074A73100E9551A;
			remoteInfo = Router;
		};
/* End PBXContainerItemProxy section */

/* Begin PBXFileReference section */
		871A88782074A73100E9551A /* Router.app */ = {isa = PBXFileReference; explicitFileType = wrapper.application; includeInIndex = 0; path = Router.app; sourceTree = BUILT_PRODUCTS_DIR; };
		871A887B2074A73200E9551A /* AppDelegate.h */ = {isa = PBXFileReference; lastKnownFileType = sourcecode.c.h; path = AppDelegate.h; sourceTree = "<group>"; };
		871A887C2074A73200E9551A /* AppDelegate.m */ = {isa = PBXFileReference; lastKnownFileType = sourcecode.c.objc; path = AppDelegate.m; sourceTree = "<group>"; };
		871A887E2074A73200E9551A /* ViewController.h */ = {isa = PBXFileReference; lastKnownFileType = sourcecode.c.h; path = ViewController.h; sourceTree = "<group>"; };
		871A887F2074A73200E9551A /* ViewController.m */ = {isa = PBXFileReference; lastKnownFileType = sourcecode.c.objc; path = ViewController.m; sourceTree = "<group>"; };
		871A88822074A73200E9551A /* Base */ = {isa = PBXFileReference; lastKnownFileType = file.storyboard; name = Base; path = Base.lproj/Main.storyboard; sourceTree = "<group>"; };
		871A88842074A73200E9551A /* Assets.xcassets */ = {isa = PBXFileReference; lastKnownFileType = folder.assetcatalog; path = Assets.xcassets; sourceTree = "<group>"; };
		871A88872074A73200E9551A /* Base */ = {isa = PBXFileReference; lastKnownFileType = file.storyboard; name = Base; path = Base.lproj/LaunchScreen.storyboard; sourceTree = "<group>"; };
		871A88892074A73200E9551A /* Info.plist */ = {isa = PBXFileReference; lastKnownFileType = text.plist.xml; path = Info.plist; sourceTree = "<group>"; };
		871A888A2074A73200E9551A /* main.m */ = {isa = PBXFileReference; lastKnownFileType = sourcecode.c.objc; path = main.m; sourceTree = "<group>"; };
		871A88902074A73200E9551A /* RouterTests.xctest */ = {isa = PBXFileReference; explicitFileType = wrapper.cfbundle; includeInIndex = 0; path = RouterTests.xctest; sourceTree = BUILT_PRODUCTS_DIR; };
		871A88942074A73200E9551A /* RouterTests.m */ = {isa = PBXFileReference; lastKnownFileType = sourcecode.c.objc; path = RouterTests.m; sourceTree = "<group>"; };
		871A88962074A73200E9551A /* Info.plist */ = {isa = PBXFileReference; lastKnownFileType = text.plist.xml; path = Info.plist; sourceTree = "<group>"; };
		871A889B2074A73200E9551A /* RouterUITests.xctest */ = {isa = PBXFileReference; explicitFileType = wrapper.cfbundle; includeInIndex = 0; path = RouterUITests.xctest; sourceTree = BUILT_PRODUCTS_DIR; };
		871A889F2074A73200E9551A /* RouterUITests.m */ = {isa = PBXFileReference; lastKnownFileType = sourcecode.c.objc; path = RouterUITests.m; sourceTree = "<group>"; };
		871A88A12074A73200E9551A /* Info.plist */ = {isa = PBXFileReference; lastKnownFileType = text.plist.xml; path = Info.plist; sourceTree = "<group>"; };
		871A88AF2074A78C00E9551A /* CDPRouter.h */ = {isa = PBXFileReference; lastKnownFileType = sourcecode.c.h; path = CDPRouter.h; sourceTree = "<group>"; };
		871A88B02074A78C00E9551A /* CDPRouter.m */ = {isa = PBXFileReference; lastKnownFileType = sourcecode.c.objc; path = CDPRouter.m; sourceTree = "<group>"; };
		871A88B22074A84F00E9551A /* CDPPushRouter.h */ = {isa = PBXFileReference; lastKnownFileType = sourcecode.c.h; path = CDPPushRouter.h; sourceTree = "<group>"; };
		871A88B32074A84F00E9551A /* CDPPushRouter.m */ = {isa = PBXFileReference; lastKnownFileType = sourcecode.c.objc; path = CDPPushRouter.m; sourceTree = "<group>"; };
		871A88B52074A86200E9551A /* CDPActionRouter.h */ = {isa = PBXFileReference; lastKnownFileType = sourcecode.c.h; path = CDPActionRouter.h; sourceTree = "<group>"; };
		871A88B62074A86200E9551A /* CDPActionRouter.m */ = {isa = PBXFileReference; lastKnownFileType = sourcecode.c.objc; path = CDPActionRouter.m; sourceTree = "<group>"; };
		871A88BC2074AB9E00E9551A /* NSDictionary+CDPDic.h */ = {isa = PBXFileReference; fileEncoding = 4; lastKnownFileType = sourcecode.c.h; path = "NSDictionary+CDPDic.h"; sourceTree = "<group>"; };
		871A88BD2074AB9E00E9551A /* NSDictionary+CDPDic.m */ = {isa = PBXFileReference; fileEncoding = 4; lastKnownFileType = sourcecode.c.objc; path = "NSDictionary+CDPDic.m"; sourceTree = "<group>"; };
		871A88BF2074ABBC00E9551A /* NSString+CDPStr.h */ = {isa = PBXFileReference; lastKnownFileType = sourcecode.c.h; path = "NSString+CDPStr.h"; sourceTree = "<group>"; };
		871A88C02074ABBC00E9551A /* NSString+CDPStr.m */ = {isa = PBXFileReference; lastKnownFileType = sourcecode.c.objc; path = "NSString+CDPStr.m"; sourceTree = "<group>"; };
		871A88C22074AD3D00E9551A /* NSArray+CDPArr.h */ = {isa = PBXFileReference; lastKnownFileType = sourcecode.c.h; path = "NSArray+CDPArr.h"; sourceTree = "<group>"; };
		871A88C32074AD3D00E9551A /* NSArray+CDPArr.m */ = {isa = PBXFileReference; lastKnownFileType = sourcecode.c.objc; path = "NSArray+CDPArr.m"; sourceTree = "<group>"; };
		871A88C52074B05500E9551A /* UIColor+CDPColor.h */ = {isa = PBXFileReference; lastKnownFileType = sourcecode.c.h; path = "UIColor+CDPColor.h"; sourceTree = "<group>"; };
		871A88C62074B05500E9551A /* UIColor+CDPColor.m */ = {isa = PBXFileReference; lastKnownFileType = sourcecode.c.objc; path = "UIColor+CDPColor.m"; sourceTree = "<group>"; };
		871A88C82074B12B00E9551A /* UIViewController+CDPVC.h */ = {isa = PBXFileReference; lastKnownFileType = sourcecode.c.h; path = "UIViewController+CDPVC.h"; sourceTree = "<group>"; };
		871A88C92074B12B00E9551A /* UIViewController+CDPVC.m */ = {isa = PBXFileReference; lastKnownFileType = sourcecode.c.objc; path = "UIViewController+CDPVC.m"; sourceTree = "<group>"; };
		871A88CE2074B52500E9551A /* UIView+CDPView.h */ = {isa = PBXFileReference; lastKnownFileType = sourcecode.c.h; path = "UIView+CDPView.h"; sourceTree = "<group>"; };
		871A88CF2074B52500E9551A /* UIView+CDPView.m */ = {isa = PBXFileReference; lastKnownFileType = sourcecode.c.objc; path = "UIView+CDPView.m"; sourceTree = "<group>"; };
		871A88D12074B6FC00E9551A /* UIImage+CDPImage.h */ = {isa = PBXFileReference; lastKnownFileType = sourcecode.c.h; path = "UIImage+CDPImage.h"; sourceTree = "<group>"; };
		871A88D22074B6FC00E9551A /* UIImage+CDPImage.m */ = {isa = PBXFileReference; lastKnownFileType = sourcecode.c.objc; path = "UIImage+CDPImage.m"; sourceTree = "<group>"; };
		871A88D42074B77700E9551A /* UIScrollView+CDPScrollView.h */ = {isa = PBXFileReference; lastKnownFileType = sourcecode.c.h; path = "UIScrollView+CDPScrollView.h"; sourceTree = "<group>"; };
		871A88D52074B77700E9551A /* UIScrollView+CDPScrollView.m */ = {isa = PBXFileReference; lastKnownFileType = sourcecode.c.objc; path = "UIScrollView+CDPScrollView.m"; sourceTree = "<group>"; };
		871A88D72074B79000E9551A /* UITableView+CDPTableView.h */ = {isa = PBXFileReference; lastKnownFileType = sourcecode.c.h; path = "UITableView+CDPTableView.h"; sourceTree = "<group>"; };
		871A88D82074B79000E9551A /* UITableView+CDPTableView.m */ = {isa = PBXFileReference; lastKnownFileType = sourcecode.c.objc; path = "UITableView+CDPTableView.m"; sourceTree = "<group>"; };
		871A88DA2074B7A400E9551A /* UICollectionView+CDPCollectionView.h */ = {isa = PBXFileReference; lastKnownFileType = sourcecode.c.h; path = "UICollectionView+CDPCollectionView.h"; sourceTree = "<group>"; };
		871A88DB2074B7A400E9551A /* UICollectionView+CDPCollectionView.m */ = {isa = PBXFileReference; lastKnownFileType = sourcecode.c.objc; path = "UICollectionView+CDPCollectionView.m"; sourceTree = "<group>"; };
		871A88DF2074B89D00E9551A /* NSDate+CDPDate.h */ = {isa = PBXFileReference; lastKnownFileType = sourcecode.c.h; path = "NSDate+CDPDate.h"; sourceTree = "<group>"; };
		871A88E02074B89D00E9551A /* NSDate+CDPDate.m */ = {isa = PBXFileReference; lastKnownFileType = sourcecode.c.objc; path = "NSDate+CDPDate.m"; sourceTree = "<group>"; };
		871A88E22074B9A900E9551A /* UINavigationController+APSafeTransition.m */ = {isa = PBXFileReference; fileEncoding = 4; lastKnownFileType = sourcecode.c.objc; path = "UINavigationController+APSafeTransition.m"; sourceTree = "<group>"; };
		871A88E92074C15800E9551A /* CDPCategory.h */ = {isa = PBXFileReference; lastKnownFileType = sourcecode.c.h; path = CDPCategory.h; sourceTree = "<group>"; };
		871A88EA2074C6B400E9551A /* CDPRouterMap.plist */ = {isa = PBXFileReference; lastKnownFileType = text.plist.xml; path = CDPRouterMap.plist; sourceTree = "<group>"; };
		87586BBB207A001C009B8B98 /* OneTestViewController.h */ = {isa = PBXFileReference; lastKnownFileType = sourcecode.c.h; path = OneTestViewController.h; sourceTree = "<group>"; };
		87586BBC207A001C009B8B98 /* OneTestViewController.m */ = {isa = PBXFileReference; lastKnownFileType = sourcecode.c.objc; path = OneTestViewController.m; sourceTree = "<group>"; };
		87586BBE207A0036009B8B98 /* TwoTestViewController.h */ = {isa = PBXFileReference; lastKnownFileType = sourcecode.c.h; path = TwoTestViewController.h; sourceTree = "<group>"; };
		87586BBF207A0036009B8B98 /* TwoTestViewController.m */ = {isa = PBXFileReference; lastKnownFileType = sourcecode.c.objc; path = TwoTestViewController.m; sourceTree = "<group>"; };
/* End PBXFileReference section */

/* Begin PBXFrameworksBuildPhase section */
		871A88752074A73100E9551A /* Frameworks */ = {
			isa = PBXFrameworksBuildPhase;
			buildActionMask = 2147483647;
			files = (
			);
			runOnlyForDeploymentPostprocessing = 0;
		};
		871A888D2074A73200E9551A /* Frameworks */ = {
			isa = PBXFrameworksBuildPhase;
			buildActionMask = 2147483647;
			files = (
			);
			runOnlyForDeploymentPostprocessing = 0;
		};
		871A88982074A73200E9551A /* Frameworks */ = {
			isa = PBXFrameworksBuildPhase;
			buildActionMask = 2147483647;
			files = (
			);
			runOnlyForDeploymentPostprocessing = 0;
		};
/* End PBXFrameworksBuildPhase section */

/* Begin PBXGroup section */
		871A886F2074A73100E9551A = {
			isa = PBXGroup;
			children = (
				871A88AD2074A75000E9551A /* CDPRouter */,
				871A887A2074A73100E9551A /* Router */,
				871A88932074A73200E9551A /* RouterTests */,
				871A889E2074A73200E9551A /* RouterUITests */,
				871A88792074A73100E9551A /* Products */,
			);
			sourceTree = "<group>";
		};
		871A88792074A73100E9551A /* Products */ = {
			isa = PBXGroup;
			children = (
				871A88782074A73100E9551A /* Router.app */,
				871A88902074A73200E9551A /* RouterTests.xctest */,
				871A889B2074A73200E9551A /* RouterUITests.xctest */,
			);
			name = Products;
			sourceTree = "<group>";
		};
		871A887A2074A73100E9551A /* Router */ = {
			isa = PBXGroup;
			children = (
				871A887B2074A73200E9551A /* AppDelegate.h */,
				871A887C2074A73200E9551A /* AppDelegate.m */,
				871A887E2074A73200E9551A /* ViewController.h */,
				871A887F2074A73200E9551A /* ViewController.m */,
				87586BBB207A001C009B8B98 /* OneTestViewController.h */,
				87586BBC207A001C009B8B98 /* OneTestViewController.m */,
				87586BBE207A0036009B8B98 /* TwoTestViewController.h */,
				87586BBF207A0036009B8B98 /* TwoTestViewController.m */,
				871A88812074A73200E9551A /* Main.storyboard */,
				871A88842074A73200E9551A /* Assets.xcassets */,
				871A88862074A73200E9551A /* LaunchScreen.storyboard */,
				871A88892074A73200E9551A /* Info.plist */,
				871A888A2074A73200E9551A /* main.m */,
			);
			path = Router;
			sourceTree = "<group>";
		};
		871A88932074A73200E9551A /* RouterTests */ = {
			isa = PBXGroup;
			children = (
				871A88942074A73200E9551A /* RouterTests.m */,
				871A88962074A73200E9551A /* Info.plist */,
			);
			path = RouterTests;
			sourceTree = "<group>";
		};
		871A889E2074A73200E9551A /* RouterUITests */ = {
			isa = PBXGroup;
			children = (
				871A889F2074A73200E9551A /* RouterUITests.m */,
				871A88A12074A73200E9551A /* Info.plist */,
			);
			path = RouterUITests;
			sourceTree = "<group>";
		};
		871A88AD2074A75000E9551A /* CDPRouter */ = {
			isa = PBXGroup;
			children = (
				871A88BB2074AB9E00E9551A /* CDPCategory */,
				871A88AF2074A78C00E9551A /* CDPRouter.h */,
				871A88B02074A78C00E9551A /* CDPRouter.m */,
				871A88B22074A84F00E9551A /* CDPPushRouter.h */,
				871A88B32074A84F00E9551A /* CDPPushRouter.m */,
				871A88B52074A86200E9551A /* CDPActionRouter.h */,
				871A88B62074A86200E9551A /* CDPActionRouter.m */,
				871A88EA2074C6B400E9551A /* CDPRouterMap.plist */,
			);
			name = CDPRouter;
			path = ../CDPRouter;
			sourceTree = "<group>";
		};
		871A88BB2074AB9E00E9551A /* CDPCategory */ = {
			isa = PBXGroup;
			children = (
				871A88E92074C15800E9551A /* CDPCategory.h */,
				871A88E22074B9A900E9551A /* UINavigationController+APSafeTransition.m */,
				871A88C82074B12B00E9551A /* UIViewController+CDPVC.h */,
				871A88C92074B12B00E9551A /* UIViewController+CDPVC.m */,
				871A88CE2074B52500E9551A /* UIView+CDPView.h */,
				871A88CF2074B52500E9551A /* UIView+CDPView.m */,
				871A88D12074B6FC00E9551A /* UIImage+CDPImage.h */,
				871A88D22074B6FC00E9551A /* UIImage+CDPImage.m */,
				871A88C52074B05500E9551A /* UIColor+CDPColor.h */,
				871A88C62074B05500E9551A /* UIColor+CDPColor.m */,
				871A88BC2074AB9E00E9551A /* NSDictionary+CDPDic.h */,
				871A88BD2074AB9E00E9551A /* NSDictionary+CDPDic.m */,
				871A88C22074AD3D00E9551A /* NSArray+CDPArr.h */,
				871A88C32074AD3D00E9551A /* NSArray+CDPArr.m */,
				871A88BF2074ABBC00E9551A /* NSString+CDPStr.h */,
				871A88C02074ABBC00E9551A /* NSString+CDPStr.m */,
				871A88DF2074B89D00E9551A /* NSDate+CDPDate.h */,
				871A88E02074B89D00E9551A /* NSDate+CDPDate.m */,
				871A88D42074B77700E9551A /* UIScrollView+CDPScrollView.h */,
				871A88D52074B77700E9551A /* UIScrollView+CDPScrollView.m */,
				871A88D72074B79000E9551A /* UITableView+CDPTableView.h */,
				871A88D82074B79000E9551A /* UITableView+CDPTableView.m */,
				871A88DA2074B7A400E9551A /* UICollectionView+CDPCollectionView.h */,
				871A88DB2074B7A400E9551A /* UICollectionView+CDPCollectionView.m */,
			);
			path = CDPCategory;
			sourceTree = "<group>";
		};
/* End PBXGroup section */

/* Begin PBXNativeTarget section */
		871A88772074A73100E9551A /* Router */ = {
			isa = PBXNativeTarget;
			buildConfigurationList = 871A88A42074A73200E9551A /* Build configuration list for PBXNativeTarget "Router" */;
			buildPhases = (
				871A88742074A73100E9551A /* Sources */,
				871A88752074A73100E9551A /* Frameworks */,
				871A88762074A73100E9551A /* Resources */,
			);
			buildRules = (
			);
			dependencies = (
			);
			name = Router;
			productName = Router;
			productReference = 871A88782074A73100E9551A /* Router.app */;
			productType = "com.apple.product-type.application";
		};
		871A888F2074A73200E9551A /* RouterTests */ = {
			isa = PBXNativeTarget;
			buildConfigurationList = 871A88A72074A73200E9551A /* Build configuration list for PBXNativeTarget "RouterTests" */;
			buildPhases = (
				871A888C2074A73200E9551A /* Sources */,
				871A888D2074A73200E9551A /* Frameworks */,
				871A888E2074A73200E9551A /* Resources */,
			);
			buildRules = (
			);
			dependencies = (
				871A88922074A73200E9551A /* PBXTargetDependency */,
			);
			name = RouterTests;
			productName = RouterTests;
			productReference = 871A88902074A73200E9551A /* RouterTests.xctest */;
			productType = "com.apple.product-type.bundle.unit-test";
		};
		871A889A2074A73200E9551A /* RouterUITests */ = {
			isa = PBXNativeTarget;
			buildConfigurationList = 871A88AA2074A73200E9551A /* Build configuration list for PBXNativeTarget "RouterUITests" */;
			buildPhases = (
				871A88972074A73200E9551A /* Sources */,
				871A88982074A73200E9551A /* Frameworks */,
				871A88992074A73200E9551A /* Resources */,
			);
			buildRules = (
			);
			dependencies = (
				871A889D2074A73200E9551A /* PBXTargetDependency */,
			);
			name = RouterUITests;
			productName = RouterUITests;
			productReference = 871A889B2074A73200E9551A /* RouterUITests.xctest */;
			productType = "com.apple.product-type.bundle.ui-testing";
		};
/* End PBXNativeTarget section */

/* Begin PBXProject section */
		871A88702074A73100E9551A /* Project object */ = {
			isa = PBXProject;
			attributes = {
				LastUpgradeCheck = 0920;
				ORGANIZATIONNAME = CDP;
				TargetAttributes = {
					871A88772074A73100E9551A = {
						CreatedOnToolsVersion = 9.2;
						ProvisioningStyle = Automatic;
					};
					871A888F2074A73200E9551A = {
						CreatedOnToolsVersion = 9.2;
						ProvisioningStyle = Automatic;
						TestTargetID = 871A88772074A73100E9551A;
					};
					871A889A2074A73200E9551A = {
						CreatedOnToolsVersion = 9.2;
						ProvisioningStyle = Automatic;
						TestTargetID = 871A88772074A73100E9551A;
					};
				};
			};
			buildConfigurationList = 871A88732074A73100E9551A /* Build configuration list for PBXProject "Router" */;
			compatibilityVersion = "Xcode 8.0";
			developmentRegion = en;
			hasScannedForEncodings = 0;
			knownRegions = (
				en,
				Base,
			);
			mainGroup = 871A886F2074A73100E9551A;
			productRefGroup = 871A88792074A73100E9551A /* Products */;
			projectDirPath = "";
			projectRoot = "";
			targets = (
				871A88772074A73100E9551A /* Router */,
				871A888F2074A73200E9551A /* RouterTests */,
				871A889A2074A73200E9551A /* RouterUITests */,
			);
		};
/* End PBXProject section */

/* Begin PBXResourcesBuildPhase section */
		871A88762074A73100E9551A /* Resources */ = {
			isa = PBXResourcesBuildPhase;
			buildActionMask = 2147483647;
			files = (
				871A88882074A73200E9551A /* LaunchScreen.storyboard in Resources */,
				871A88852074A73200E9551A /* Assets.xcassets in Resources */,
				871A88EB2074C6B400E9551A /* CDPRouterMap.plist in Resources */,
				871A88832074A73200E9551A /* Main.storyboard in Resources */,
			);
			runOnlyForDeploymentPostprocessing = 0;
		};
		871A888E2074A73200E9551A /* Resources */ = {
			isa = PBXResourcesBuildPhase;
			buildActionMask = 2147483647;
			files = (
			);
			runOnlyForDeploymentPostprocessing = 0;
		};
		871A88992074A73200E9551A /* Resources */ = {
			isa = PBXResourcesBuildPhase;
			buildActionMask = 2147483647;
			files = (
			);
			runOnlyForDeploymentPostprocessing = 0;
		};
/* End PBXResourcesBuildPhase section */

/* Begin PBXSourcesBuildPhase section */
		871A88742074A73100E9551A /* Sources */ = {
			isa = PBXSourcesBuildPhase;
			buildActionMask = 2147483647;
			files = (
				871A88B42074A84F00E9551A /* CDPPushRouter.m in Sources */,
				871A88E12074B89D00E9551A /* NSDate+CDPDate.m in Sources */,
				871A88D62074B77700E9551A /* UIScrollView+CDPScrollView.m in Sources */,
				871A88D02074B52500E9551A /* UIView+CDPView.m in Sources */,
				871A88802074A73200E9551A /* ViewController.m in Sources */,
				871A88C42074AD3D00E9551A /* NSArray+CDPArr.m in Sources */,
				871A88CA2074B12B00E9551A /* UIViewController+CDPVC.m in Sources */,
				871A888B2074A73200E9551A /* main.m in Sources */,
				871A88E32074B9AA00E9551A /* UINavigationController+APSafeTransition.m in Sources */,
				87586BBD207A001C009B8B98 /* OneTestViewController.m in Sources */,
				871A88B12074A78C00E9551A /* CDPRouter.m in Sources */,
				871A88D92074B79000E9551A /* UITableView+CDPTableView.m in Sources */,
				871A88BE2074AB9E00E9551A /* NSDictionary+CDPDic.m in Sources */,
				871A88B72074A86200E9551A /* CDPActionRouter.m in Sources */,
				871A88C72074B05500E9551A /* UIColor+CDPColor.m in Sources */,
				87586BC0207A0036009B8B98 /* TwoTestViewController.m in Sources */,
				871A88D32074B6FC00E9551A /* UIImage+CDPImage.m in Sources */,
				871A88DC2074B7A400E9551A /* UICollectionView+CDPCollectionView.m in Sources */,
				871A887D2074A73200E9551A /* AppDelegate.m in Sources */,
				871A88C12074ABBC00E9551A /* NSString+CDPStr.m in Sources */,
			);
			runOnlyForDeploymentPostprocessing = 0;
		};
		871A888C2074A73200E9551A /* Sources */ = {
			isa = PBXSourcesBuildPhase;
			buildActionMask = 2147483647;
			files = (
				871A88952074A73200E9551A /* RouterTests.m in Sources */,
			);
			runOnlyForDeploymentPostprocessing = 0;
		};
		871A88972074A73200E9551A /* Sources */ = {
			isa = PBXSourcesBuildPhase;
			buildActionMask = 2147483647;
			files = (
				871A88A02074A73200E9551A /* RouterUITests.m in Sources */,
			);
			runOnlyForDeploymentPostprocessing = 0;
		};
/* End PBXSourcesBuildPhase section */

/* Begin PBXTargetDependency section */
		871A88922074A73200E9551A /* PBXTargetDependency */ = {
			isa = PBXTargetDependency;
			target = 871A88772074A73100E9551A /* Router */;
			targetProxy = 871A88912074A73200E9551A /* PBXContainerItemProxy */;
		};
		871A889D2074A73200E9551A /* PBXTargetDependency */ = {
			isa = PBXTargetDependency;
			target = 871A88772074A73100E9551A /* Router */;
			targetProxy = 871A889C2074A73200E9551A /* PBXContainerItemProxy */;
		};
/* End PBXTargetDependency section */

/* Begin PBXVariantGroup section */
		871A88812074A73200E9551A /* Main.storyboard */ = {
			isa = PBXVariantGroup;
			children = (
				871A88822074A73200E9551A /* Base */,
			);
			name = Main.storyboard;
			sourceTree = "<group>";
		};
		871A88862074A73200E9551A /* LaunchScreen.storyboard */ = {
			isa = PBXVariantGroup;
			children = (
				871A88872074A73200E9551A /* Base */,
			);
			name = LaunchScreen.storyboard;
			sourceTree = "<group>";
		};
/* End PBXVariantGroup section */

/* Begin XCBuildConfiguration section */
		871A88A22074A73200E9551A /* Debug */ = {
			isa = XCBuildConfiguration;
			buildSettings = {
				ALWAYS_SEARCH_USER_PATHS = NO;
				CLANG_ANALYZER_NONNULL = YES;
				CLANG_ANALYZER_NUMBER_OBJECT_CONVERSION = YES_AGGRESSIVE;
				CLANG_CXX_LANGUAGE_STANDARD = "gnu++14";
				CLANG_CXX_LIBRARY = "libc++";
				CLANG_ENABLE_MODULES = YES;
				CLANG_ENABLE_OBJC_ARC = YES;
				CLANG_WARN_BLOCK_CAPTURE_AUTORELEASING = YES;
				CLANG_WARN_BOOL_CONVERSION = YES;
				CLANG_WARN_COMMA = YES;
				CLANG_WARN_CONSTANT_CONVERSION = YES;
				CLANG_WARN_DIRECT_OBJC_ISA_USAGE = YES_ERROR;
				CLANG_WARN_DOCUMENTATION_COMMENTS = YES;
				CLANG_WARN_EMPTY_BODY = YES;
				CLANG_WARN_ENUM_CONVERSION = YES;
				CLANG_WARN_INFINITE_RECURSION = YES;
				CLANG_WARN_INT_CONVERSION = YES;
				CLANG_WARN_NON_LITERAL_NULL_CONVERSION = YES;
				CLANG_WARN_OBJC_LITERAL_CONVERSION = YES;
				CLANG_WARN_OBJC_ROOT_CLASS = YES_ERROR;
				CLANG_WARN_RANGE_LOOP_ANALYSIS = YES;
				CLANG_WARN_STRICT_PROTOTYPES = YES;
				CLANG_WARN_SUSPICIOUS_MOVE = YES;
				CLANG_WARN_UNGUARDED_AVAILABILITY = YES_AGGRESSIVE;
				CLANG_WARN_UNREACHABLE_CODE = YES;
				CLANG_WARN__DUPLICATE_METHOD_MATCH = YES;
				CODE_SIGN_IDENTITY = "iPhone Developer";
				COPY_PHASE_STRIP = NO;
				DEBUG_INFORMATION_FORMAT = dwarf;
				ENABLE_STRICT_OBJC_MSGSEND = YES;
				ENABLE_TESTABILITY = YES;
				GCC_C_LANGUAGE_STANDARD = gnu11;
				GCC_DYNAMIC_NO_PIC = NO;
				GCC_NO_COMMON_BLOCKS = YES;
				GCC_OPTIMIZATION_LEVEL = 0;
				GCC_PREPROCESSOR_DEFINITIONS = (
					"DEBUG=1",
					"$(inherited)",
				);
				GCC_WARN_64_TO_32_BIT_CONVERSION = YES;
				GCC_WARN_ABOUT_RETURN_TYPE = YES_ERROR;
				GCC_WARN_UNDECLARED_SELECTOR = YES;
				GCC_WARN_UNINITIALIZED_AUTOS = YES_AGGRESSIVE;
				GCC_WARN_UNUSED_FUNCTION = YES;
				GCC_WARN_UNUSED_VARIABLE = YES;
				IPHONEOS_DEPLOYMENT_TARGET = 8.0;
				MTL_ENABLE_DEBUG_INFO = YES;
				ONLY_ACTIVE_ARCH = YES;
				SDKROOT = iphoneos;
			};
			name = Debug;
		};
		871A88A32074A73200E9551A /* Release */ = {
			isa = XCBuildConfiguration;
			buildSettings = {
				ALWAYS_SEARCH_USER_PATHS = NO;
				CLANG_ANALYZER_NONNULL = YES;
				CLANG_ANALYZER_NUMBER_OBJECT_CONVERSION = YES_AGGRESSIVE;
				CLANG_CXX_LANGUAGE_STANDARD = "gnu++14";
				CLANG_CXX_LIBRARY = "libc++";
				CLANG_ENABLE_MODULES = YES;
				CLANG_ENABLE_OBJC_ARC = YES;
				CLANG_WARN_BLOCK_CAPTURE_AUTORELEASING = YES;
				CLANG_WARN_BOOL_CONVERSION = YES;
				CLANG_WARN_COMMA = YES;
				CLANG_WARN_CONSTANT_CONVERSION = YES;
				CLANG_WARN_DIRECT_OBJC_ISA_USAGE = YES_ERROR;
				CLANG_WARN_DOCUMENTATION_COMMENTS = YES;
				CLANG_WARN_EMPTY_BODY = YES;
				CLANG_WARN_ENUM_CONVERSION = YES;
				CLANG_WARN_INFINITE_RECURSION = YES;
				CLANG_WARN_INT_CONVERSION = YES;
				CLANG_WARN_NON_LITERAL_NULL_CONVERSION = YES;
				CLANG_WARN_OBJC_LITERAL_CONVERSION = YES;
				CLANG_WARN_OBJC_ROOT_CLASS = YES_ERROR;
				CLANG_WARN_RANGE_LOOP_ANALYSIS = YES;
				CLANG_WARN_STRICT_PROTOTYPES = YES;
				CLANG_WARN_SUSPICIOUS_MOVE = YES;
				CLANG_WARN_UNGUARDED_AVAILABILITY = YES_AGGRESSIVE;
				CLANG_WARN_UNREACHABLE_CODE = YES;
				CLANG_WARN__DUPLICATE_METHOD_MATCH = YES;
				CODE_SIGN_IDENTITY = "iPhone Developer";
				COPY_PHASE_STRIP = NO;
				DEBUG_INFORMATION_FORMAT = "dwarf-with-dsym";
				ENABLE_NS_ASSERTIONS = NO;
				ENABLE_STRICT_OBJC_MSGSEND = YES;
				GCC_C_LANGUAGE_STANDARD = gnu11;
				GCC_NO_COMMON_BLOCKS = YES;
				GCC_WARN_64_TO_32_BIT_CONVERSION = YES;
				GCC_WARN_ABOUT_RETURN_TYPE = YES_ERROR;
				GCC_WARN_UNDECLARED_SELECTOR = YES;
				GCC_WARN_UNINITIALIZED_AUTOS = YES_AGGRESSIVE;
				GCC_WARN_UNUSED_FUNCTION = YES;
				GCC_WARN_UNUSED_VARIABLE = YES;
				IPHONEOS_DEPLOYMENT_TARGET = 8.0;
				MTL_ENABLE_DEBUG_INFO = NO;
				SDKROOT = iphoneos;
				VALIDATE_PRODUCT = YES;
			};
			name = Release;
		};
		871A88A52074A73200E9551A /* Debug */ = {
			isa = XCBuildConfiguration;
			buildSettings = {
				ASSETCATALOG_COMPILER_APPICON_NAME = AppIcon;
				CODE_SIGN_STYLE = Automatic;
				DEVELOPMENT_TEAM = "";
				INFOPLIST_FILE = Router/Info.plist;
				IPHONEOS_DEPLOYMENT_TARGET = 8.0;
				LD_RUNPATH_SEARCH_PATHS = "$(inherited) @executable_path/Frameworks";
				PRODUCT_BUNDLE_IDENTIFIER = CDP.Router;
				PRODUCT_NAME = "$(TARGET_NAME)";
				TARGETED_DEVICE_FAMILY = "1,2";
			};
			name = Debug;
		};
		871A88A62074A73200E9551A /* Release */ = {
			isa = XCBuildConfiguration;
			buildSettings = {
				ASSETCATALOG_COMPILER_APPICON_NAME = AppIcon;
				CODE_SIGN_STYLE = Automatic;
				DEVELOPMENT_TEAM = "";
				INFOPLIST_FILE = Router/Info.plist;
				IPHONEOS_DEPLOYMENT_TARGET = 8.0;
				LD_RUNPATH_SEARCH_PATHS = "$(inherited) @executable_path/Frameworks";
				PRODUCT_BUNDLE_IDENTIFIER = CDP.Router;
				PRODUCT_NAME = "$(TARGET_NAME)";
				TARGETED_DEVICE_FAMILY = "1,2";
			};
			name = Release;
		};
		871A88A82074A73200E9551A /* Debug */ = {
			isa = XCBuildConfiguration;
			buildSettings = {
				BUNDLE_LOADER = "$(TEST_HOST)";
				CODE_SIGN_STYLE = Automatic;
				INFOPLIST_FILE = RouterTests/Info.plist;
				LD_RUNPATH_SEARCH_PATHS = "$(inherited) @executable_path/Frameworks @loader_path/Frameworks";
				PRODUCT_BUNDLE_IDENTIFIER = CDP.RouterTests;
				PRODUCT_NAME = "$(TARGET_NAME)";
				TARGETED_DEVICE_FAMILY = "1,2";
				TEST_HOST = "$(BUILT_PRODUCTS_DIR)/Router.app/Router";
			};
			name = Debug;
		};
		871A88A92074A73200E9551A /* Release */ = {
			isa = XCBuildConfiguration;
			buildSettings = {
				BUNDLE_LOADER = "$(TEST_HOST)";
				CODE_SIGN_STYLE = Automatic;
				INFOPLIST_FILE = RouterTests/Info.plist;
				LD_RUNPATH_SEARCH_PATHS = "$(inherited) @executable_path/Frameworks @loader_path/Frameworks";
				PRODUCT_BUNDLE_IDENTIFIER = CDP.RouterTests;
				PRODUCT_NAME = "$(TARGET_NAME)";
				TARGETED_DEVICE_FAMILY = "1,2";
				TEST_HOST = "$(BUILT_PRODUCTS_DIR)/Router.app/Router";
			};
			name = Release;
		};
		871A88AB2074A73200E9551A /* Debug */ = {
			isa = XCBuildConfiguration;
			buildSettings = {
				CODE_SIGN_STYLE = Automatic;
				INFOPLIST_FILE = RouterUITests/Info.plist;
				LD_RUNPATH_SEARCH_PATHS = "$(inherited) @executable_path/Frameworks @loader_path/Frameworks";
				PRODUCT_BUNDLE_IDENTIFIER = CDP.RouterUITests;
				PRODUCT_NAME = "$(TARGET_NAME)";
				TARGETED_DEVICE_FAMILY = "1,2";
				TEST_TARGET_NAME = Router;
			};
			name = Debug;
		};
		871A88AC2074A73200E9551A /* Release */ = {
			isa = XCBuildConfiguration;
			buildSettings = {
				CODE_SIGN_STYLE = Automatic;
				INFOPLIST_FILE = RouterUITests/Info.plist;
				LD_RUNPATH_SEARCH_PATHS = "$(inherited) @executable_path/Frameworks @loader_path/Frameworks";
				PRODUCT_BUNDLE_IDENTIFIER = CDP.RouterUITests;
				PRODUCT_NAME = "$(TARGET_NAME)";
				TARGETED_DEVICE_FAMILY = "1,2";
				TEST_TARGET_NAME = Router;
			};
			name = Release;
		};
/* End XCBuildConfiguration section */

/* Begin XCConfigurationList section */
		871A88732074A73100E9551A /* Build configuration list for PBXProject "Router" */ = {
			isa = XCConfigurationList;
			buildConfigurations = (
				871A88A22074A73200E9551A /* Debug */,
				871A88A32074A73200E9551A /* Release */,
			);
			defaultConfigurationIsVisible = 0;
			defaultConfigurationName = Release;
		};
		871A88A42074A73200E9551A /* Build configuration list for PBXNativeTarget "Router" */ = {
			isa = XCConfigurationList;
			buildConfigurations = (
				871A88A52074A73200E9551A /* Debug */,
				871A88A62074A73200E9551A /* Release */,
			);
			defaultConfigurationIsVisible = 0;
			defaultConfigurationName = Release;
		};
		871A88A72074A73200E9551A /* Build configuration list for PBXNativeTarget "RouterTests" */ = {
			isa = XCConfigurationList;
			buildConfigurations = (
				871A88A82074A73200E9551A /* Debug */,
				871A88A92074A73200E9551A /* Release */,
			);
			defaultConfigurationIsVisible = 0;
			defaultConfigurationName = Release;
		};
		871A88AA2074A73200E9551A /* Build configuration list for PBXNativeTarget "RouterUITests" */ = {
			isa = XCConfigurationList;
			buildConfigurations = (
				871A88AB2074A73200E9551A /* Debug */,
				871A88AC2074A73200E9551A /* Release */,
			);
			defaultConfigurationIsVisible = 0;
			defaultConfigurationName = Release;
		};
/* End XCConfigurationList section */
	};
	rootObject = 871A88702074A73100E9551A /* Project object */;
}
